
Microsoft Visual Studio Solution File, Format Version 12.00
# Visual Studio Version 16
VisualStudioVersion = 16.0.31515.178
MinimumVisualStudioVersion = 10.0.40219.1
Project("{9A19103F-16F7-4668-BE54-9A1E7A4F7556}") = "M001_01_HelloWorld", "M001_01_HelloWorld\M001_01_HelloWorld.csproj", "{DA57F1EC-52E2-4E66-AD6F-5AC38DA45433}"
EndProject
Project("{9A19103F-16F7-4668-BE54-9A1E7A4F7556}") = "M001_02_ConsolenDemo", "M001_01_ConsolenDemo\M001_02_ConsolenDemo.csproj", "{7915C817-301B-43FA-B80F-F3D306E0E3B7}"
EndProject
Project("{9A19103F-16F7-4668-BE54-9A1E7A4F7556}") = "M002_01_Datentypen", "Modul002_01_Datentypen\M002_01_Datentypen.csproj", "{03DE1486-1A75-4D03-9990-6B212BD93FD6}"
EndProject
Project("{9A19103F-16F7-4668-BE54-9A1E7A4F7556}") = "M002_02_Operatoren", "M002_02_Operatoren\M002_02_Operatoren.csproj", "{A92EAA00-0C7F-4374-A7AA-52848B49E6B3}"
EndProject
Project("{9A19103F-16F7-4668-BE54-9A1E7A4F7556}") = "M002_03_ParsenCasting", "M002_03_ParsenCasting\M002_03_ParsenCasting.csproj", "{F32D0186-BBDA-4E12-80BD-E7E746DA18F6}"
EndProject
Project("{9A19103F-16F7-4668-BE54-9A1E7A4F7556}") = "M003_01_BoolescheLogik", "M003_01_BoolescheLogik\M003_01_BoolescheLogik.csproj", "{D4DE3FCC-EC98-42D1-B2D0-8EFB555793E7}"
EndProject
Project("{9A19103F-16F7-4668-BE54-9A1E7A4F7556}") = "M003_02_Kontrollstrukturen", "M003_02_Kontrollstrukturen\M003_02_Kontrollstrukturen.csproj", "{2D6E85B6-19F9-4B99-9C4D-ACD2D020387A}"
EndProject
Project("{9A19103F-16F7-4668-BE54-9A1E7A4F7556}") = "M003_03_Schleifen", "M003_03_Schleifen\M003_03_Schleifen.csproj", "{6D3C5F4A-12D1-41F0-9D51-E6F203506893}"
EndProject
Project("{9A19103F-16F7-4668-BE54-9A1E7A4F7556}") = "StringBuilderBenchmarkDemo", "StringBuilderBenchmarkDemo\StringBuilderBenchmarkDemo.csproj", "{DB6C3AF4-7F3C-4CCE-A2FF-EB4E4A6ADF17}"
EndProject
Project("{2150E333-8FDC-42A3-9474-1A3956D46DE8}") = "Solution Items", "Solution Items", "{4BDBAF8D-1928-4F89-914D-729FB429B606}"
	ProjectSection(SolutionItems) = preProject
		..\Agenda.md = ..\Agenda.md
		..\CSHARP-CHEATSHEET.md = ..\CSHARP-CHEATSHEET.md
		VS-SHORTCUTS.md = VS-SHORTCUTS.md
		Übungen zu Themen.txt = Übungen zu Themen.txt
	EndProjectSection
EndProject
Project("{9A19103F-16F7-4668-BE54-9A1E7A4F7556}") = "M004_01_Arrays", "M004_01_Arrays\M004_01_Arrays.csproj", "{54D45A14-78FF-403C-B5AC-F23E4C2EB346}"
EndProject
Project("{9A19103F-16F7-4668-BE54-9A1E7A4F7556}") = "M004_02_Enums", "M004_02_Enums\M004_02_Enums.csproj", "{4C50CC87-FB99-4BCE-811D-44AE4FF6F6E1}"
EndProject
Project("{9A19103F-16F7-4668-BE54-9A1E7A4F7556}") = "M005_01_Methoden_Lehre", "M005_01_Methoden_Lehre\M005_01_Methoden_Lehre.csproj", "{7983C97D-EE69-4B25-9439-A647AAC2FFA9}"
EndProject
Project("{9A19103F-16F7-4668-BE54-9A1E7A4F7556}") = "M006_01_NamespacesClasses", "M006_01_NamespacesClasses\M006_01_NamespacesClasses.csproj", "{15E4D97E-73B0-4161-83CE-A35BCA1CD295}"
EndProject
Project("{9A19103F-16F7-4668-BE54-9A1E7A4F7556}") = "M006_02_ClassFieldsProperties", "M006_02_ClassFieldsProperties\M006_02_ClassFieldsProperties.csproj", "{C4750CE1-D2A0-40D8-9120-98C26611E2A3}"
EndProject
Project("{9A19103F-16F7-4668-BE54-9A1E7A4F7556}") = "M006_03_Object_Konstruktor_MakeInstance", "M006_03_Object_Konstruktor_MakeInstance\M006_03_Object_Konstruktor_MakeInstance.csproj", "{0DD84479-2779-4E6B-9E5D-F0CFCE2A25CC}"
EndProject
Project("{9A19103F-16F7-4668-BE54-9A1E7A4F7556}") = "M006_04_PartialClass", "Modul006_04_PartialClass\M006_04_PartialClass.csproj", "{89440193-9087-492E-A111-9B936937746D}"
EndProject
Project("{9A19103F-16F7-4668-BE54-9A1E7A4F7556}") = "WinFormsDemoApp", "WinFormsDemoApp\WinFormsDemoApp.csproj", "{41A683F1-7D18-44B8-9DB6-A2F4172CE424}"
EndProject
Project("{9A19103F-16F7-4668-BE54-9A1E7A4F7556}") = "M006_05_DisposeSample", "M006_05_DisposeSample\M006_05_DisposeSample.csproj", "{F890D6C2-B6F6-47E6-9DAB-97376696617B}"
EndProject
Project("{9A19103F-16F7-4668-BE54-9A1E7A4F7556}") = "M007_01_Vererbung", "M007_01_Vererbung\M007_01_Vererbung.csproj", "{5B02A56C-FFAE-4DA5-88C8-EE2786BEFA56}"
EndProject
Project("{9A19103F-16F7-4668-BE54-9A1E7A4F7556}") = "M007_02_Virtual", "M007_02_Virtual\M007_02_Virtual.csproj", "{0D87F2C7-B2B5-4875-A1CE-FE57E113BF2B}"
EndProject
Project("{9A19103F-16F7-4668-BE54-9A1E7A4F7556}") = "M007_03_abstract", "M007_03_abstract\M007_03_abstract.csproj", "{0D980F58-4C8C-4DF8-BD5F-F76B4479DE86}"
EndProject
Project("{9A19103F-16F7-4668-BE54-9A1E7A4F7556}") = "M007_04_Typpruefung", "M007_04_Typpruefung\M007_04_Typpruefung.csproj", "{ABF2BC43-B0F9-4ADD-9FDA-64A2452812E4}"
EndProject
Project("{9A19103F-16F7-4668-BE54-9A1E7A4F7556}") = "M007_05_Zugriffsmodifizierer", "M007_05_Zugriffsmodifizierer\M007_05_Zugriffsmodifizierer.csproj", "{E22A6A2B-7386-47D1-88E6-854395F2252A}"
EndProject
Project("{9A19103F-16F7-4668-BE54-9A1E7A4F7556}") = "M007_05_ZugriffsmodifiziereLib", "M007_05_ZugriffsmodifiziereLib\M007_05_ZugriffsmodifiziereLib.csproj", "{A0EA3510-82E5-4887-8BE8-2958950AA158}"
EndProject
Project("{9A19103F-16F7-4668-BE54-9A1E7A4F7556}") = "M008_01_Interfaces", "M008_01_Interfaces\M008_01_Interfaces.csproj", "{B7CE99E1-9D8F-457A-ACC2-B68F9C09EC13}"
EndProject
Project("{9A19103F-16F7-4668-BE54-9A1E7A4F7556}") = "M008_01_Interfaces_CSharp8", "M008_01_Interfaces_CSharp8\M008_01_Interfaces_CSharp8.csproj", "{9A9D9697-B0B8-42B9-92A5-49C08B60BCF8}"
EndProject
Project("{9A19103F-16F7-4668-BE54-9A1E7A4F7556}") = "M009_01_Collections_WeiterStukturen", "M009_Collections_WeiterStukturen\M009_01_Collections_WeiterStukturen.csproj", "{79C857C6-1C84-4BB6-81CA-D752C32C46EB}"
EndProject
Project("{9A19103F-16F7-4668-BE54-9A1E7A4F7556}") = "M009_02_LinqLambda", "M009_02_LinqLambda\M009_02_LinqLambda.csproj", "{8D1A05C9-BF2D-4408-8DF4-E5B474AFC09A}"
EndProject
Project("{2150E333-8FDC-42A3-9474-1A3956D46DE8}") = "ShowCases", "ShowCases", "{3152B052-AB56-4EB8-9716-10328D11160D}"
EndProject
Project("{9A19103F-16F7-4668-BE54-9A1E7A4F7556}") = "M008_02_Fuhrpark", "M008_02_Fuhrpark\M008_02_Fuhrpark.csproj", "{B81853F5-D3CD-4374-AFE6-97F02B53AD6B}"
EndProject
Project("{9A19103F-16F7-4668-BE54-9A1E7A4F7556}") = "M010_01_Solid_SingleResponsibilityPrincip", "M010_01_Solid_SingleResponsibilityPrincip\M010_01_Solid_SingleResponsibilityPrincip.csproj", "{C885B5C9-8E39-475B-AA83-26F3F47313F5}"
EndProject
Project("{9A19103F-16F7-4668-BE54-9A1E7A4F7556}") = "M010_02_Solid_OpenClosePrinzip", "M010_02_Solid_OpenClosePrinzip\M010_02_Solid_OpenClosePrinzip.csproj", "{F874DB98-AA3C-48BF-8B34-377DD7335DA0}"
EndProject
Project("{9A19103F-16F7-4668-BE54-9A1E7A4F7556}") = "M010_03_Solid_Liskov_Substitution", "M010_03_Solid_Liskov_Substitution\M010_03_Solid_Liskov_Substitution.csproj", "{E533D5E3-5B96-4192-A5B3-CB200F7984E3}"
EndProject
Project("{9A19103F-16F7-4668-BE54-9A1E7A4F7556}") = "M010_04_Solid_Dependency_Inversion", "M010_03_Solid_Dependency_Inversion\M010_04_Solid_Dependency_Inversion.csproj", "{5CE689EE-32AD-4B41-8F65-FAE5AAE73F95}"
EndProject
Project("{9A19103F-16F7-4668-BE54-9A1E7A4F7556}") = "M010_05_SOLID_InterfaceSegregationPrincip", "M010_05_SOLID_InterfaceSegregationPrincip\M010_05_SOLID_InterfaceSegregationPrincip.csproj", "{8FBFAD41-6A67-4AD4-8F65-C702F2AB3E54}"
EndProject
Project("{9A19103F-16F7-4668-BE54-9A1E7A4F7556}") = "M011_01_Reflections_TaschenrechnerLib", "M011_01_TaschenrechnerLib\M011_01_Reflections_TaschenrechnerLib.csproj", "{653257B3-09EC-42EB-8510-6D88AF6CFB49}"
EndProject
Project("{9A19103F-16F7-4668-BE54-9A1E7A4F7556}") = "M011_01_Reflections_TaschenrechnerConsole", "M011_01_TaschenrechnerConsole\M011_01_Reflections_TaschenrechnerConsole.csproj", "{F0B113F6-5E37-4023-BC6C-CB682B925EB2}"
EndProject
Project("{9A19103F-16F7-4668-BE54-9A1E7A4F7556}") = "M010_06_Übung_Solid1", "Übung_Solid1\M010_06_Übung_Solid1.csproj", "{466DC550-B2CD-4CAD-9F8B-9F485907C770}"
EndProject
Project("{9A19103F-16F7-4668-BE54-9A1E7A4F7556}") = "M010_06_Übung_Solid2", "Übung_Solid2\M010_06_Übung_Solid2.csproj", "{38963251-634F-4FEB-99C6-E4B1674F7ABE}"
EndProject
Project("{FAE04EC0-301F-11D3-BF4B-00C04F79EFBC}") = "M012_01_DelegatesActionsFuncSamples", "M012_01_DelegatesActionsFuncSamples\M012_01_DelegatesActionsFuncSamples.csproj", "{AD6AE5DF-C828-496D-B4DF-A63EC8E353A2}"
EndProject
Project("{FAE04EC0-301F-11D3-BF4B-00C04F79EFBC}") = "M012_02_DelegateAndActionWithCallback", "M012_02_DelegateAndActionWithCallback\M012_02_DelegateAndActionWithCallback.csproj", "{40AB7E8E-9552-471E-896F-A63887CD5F3A}"
EndProject
Project("{FAE04EC0-301F-11D3-BF4B-00C04F79EFBC}") = "M012_03_EventEventHandler", "M012_03_EventEventHandler\M012_03_EventEventHandler.csproj", "{2F79F9DA-2C62-4B46-84A1-3B05A162B8A5}"
EndProject
Project("{FAE04EC0-301F-11D3-BF4B-00C04F79EFBC}") = "M013_01_Thread_starten", "M013_01_Thread_starten\M013_01_Thread_starten.csproj", "{4A39066A-3F32-4905-B3B9-AC8280969D33}"
EndProject
Project("{FAE04EC0-301F-11D3-BF4B-00C04F79EFBC}") = "M013_02_ThreadMitParameterStarten", "M013_02_ThreadMitParameterStarten\M013_02_ThreadMitParameterStarten.csproj", "{F859DA5A-6EA4-4AD6-8C86-D4B75F67587E}"
EndProject
Project("{FAE04EC0-301F-11D3-BF4B-00C04F79EFBC}") = "M013_03_ThreadBeenden", "M013_03_ThreadBeenden\M013_03_ThreadBeenden.csproj", "{BA7A547E-99F5-4DEF-BF08-94EBC9618B39}"
EndProject
Project("{FAE04EC0-301F-11D3-BF4B-00C04F79EFBC}") = "M013_04_WithParameter_ReturnValues", "M013_04_WithParameter_ReturnValues\M013_04_WithParameter_ReturnValues.csproj", "{12926A15-D45B-4F19-98DA-B98AA6DBE3D3}"
EndProject
Project("{FAE04EC0-301F-11D3-BF4B-00C04F79EFBC}") = "M013_05_ThreadWithCallback", "M13_05_ThreadWithCallback\M013_05_ThreadWithCallback.csproj", "{0BBD2304-543F-46DF-B892-07D64C9ACD12}"
EndProject
Project("{FAE04EC0-301F-11D3-BF4B-00C04F79EFBC}") = "M013_06_ThreadPool", "M013_06_ThreadPool\M013_06_ThreadPool.csproj", "{F560704A-EE48-4C85-A473-AF2B4D31B89E}"
EndProject
Project("{FAE04EC0-301F-11D3-BF4B-00C04F79EFBC}") = "M013_07_LockSample", "M013_07_LockSample\M013_07_LockSample.csproj", "{F53D5765-A168-4DA0-84E5-B821EC386438}"
EndProject
Project("{FAE04EC0-301F-11D3-BF4B-00C04F79EFBC}") = "M013_08_MonitorSample", "M013_08_MonitorSample\M013_08_MonitorSample.csproj", "{3D9B6CDC-B938-4E23-A9EC-E0694949B02A}"
EndProject
Project("{FAE04EC0-301F-11D3-BF4B-00C04F79EFBC}") = "M013_09_Mutext", "M013_09_Mutext\M013_09_Mutext.csproj", "{9621B060-C60E-4F6D-97B5-35F87FDE5422}"
EndProject
Project("{FAE04EC0-301F-11D3-BF4B-00C04F79EFBC}") = "M013_10_Mutext_ProgrammInstance", "M013_10_Mutext_ProgrammInstance\M013_10_Mutext_ProgrammInstance.csproj", "{EDF0063A-B12D-4074-96BC-25C4A7BEC995}"
EndProject
Project("{FAE04EC0-301F-11D3-BF4B-00C04F79EFBC}") = "M14_01_Task_Start", "M14_01_Task_Start\M14_01_Task_Start.csproj", "{8B27C34B-64A7-43EF-8127-6B96CA11F4AE}"
EndProject
Project("{FAE04EC0-301F-11D3-BF4B-00C04F79EFBC}") = "M14_02_Task_Beenden", "M14_02_Task_Beenden\M14_02_Task_Beenden.csproj", "{8A8BA4AE-6E60-4499-B33A-F3E788186DDB}"
EndProject
Project("{FAE04EC0-301F-11D3-BF4B-00C04F79EFBC}") = "M14_03_TaskFactorySample", "M14_03_TaskFactorySample\M14_03_TaskFactorySample.csproj", "{E715E695-A3DA-458D-9641-5E448FC062ED}"
EndProject
Project("{FAE04EC0-301F-11D3-BF4B-00C04F79EFBC}") = "M14_04_TaskMitParameter", "M14_04_TaskMitParameter\M14_04_TaskMitParameter.csproj", "{069220C1-2BD4-419F-81D4-137CC426ADE9}"
EndProject
Project("{FAE04EC0-301F-11D3-BF4B-00C04F79EFBC}") = "M14_05_TaskMitException", "M14_05_TaskMitException\M14_05_TaskMitException.csproj", "{F886A0C5-C015-47C2-94F9-F95DDF589CE0}"
EndProject
Project("{FAE04EC0-301F-11D3-BF4B-00C04F79EFBC}") = "M14_06_ContinueSample", "M14_06_ContinueSample\M14_06_ContinueSample.csproj", "{1A388D59-1D9A-4C35-8CBD-DB656CB1C1A0}"
EndProject
Project("{FAE04EC0-301F-11D3-BF4B-00C04F79EFBC}") = "M14_07_ContinueSampleWithParams", "M14_07_ContinueSampleWithParams\M14_07_ContinueSampleWithParams.csproj", "{4950F79F-394E-4F63-9AE7-AB1268CFCECB}"
EndProject
Project("{FAE04EC0-301F-11D3-BF4B-00C04F79EFBC}") = "M14_08_TaskWhenAllSample", "M014_08_TaskWhenAllSample\M14_08_TaskWhenAllSample.csproj", "{79F4AC68-EB44-4F01-A925-8CE26398BE1F}"
EndProject
Project("{FAE04EC0-301F-11D3-BF4B-00C04F79EFBC}") = "M14_09_AyncAwaitSample", "M14_09_AyncAwaitSample\M14_09_AyncAwaitSample.csproj", "{8BFCB98B-CFDC-479C-A94E-446B35A0DBA8}"
EndProject
Project("{9A19103F-16F7-4668-BE54-9A1E7A4F7556}") = "BenchmarkTestParallelForVsFor", "BenchmarkTestParallelForVsFor\BenchmarkTestParallelForVsFor.csproj", "{A6A030FC-6847-491B-9101-BD136D203FBF}"
EndProject
Project("{FAE04EC0-301F-11D3-BF4B-00C04F79EFBC}") = "HalloAsync", "HalloAsync\HalloAsync\HalloAsync.csproj", "{8518674C-843F-4BCF-BAD3-3EAEB28E48EF}"
EndProject
Project("{FAE04EC0-301F-11D3-BF4B-00C04F79EFBC}") = "M15_01_HelloGeneric", "M15_01_HelloGeneric\M15_01_HelloGeneric.csproj", "{4C335C20-0F6B-414C-9BF8-7FCE11F0B3B5}"
EndProject
Project("{FAE04EC0-301F-11D3-BF4B-00C04F79EFBC}") = "M15_02_GenerictsWithConstraints", "M15_02_GenerictsWithConstraints\M15_02_GenerictsWithConstraints.csproj", "{88B55165-BF1F-49EC-B418-564D44AB43AE}"
EndProject
Project("{FAE04EC0-301F-11D3-BF4B-00C04F79EFBC}") = "Übung_Solid5", "Übung_Solid3\Übung_Solid5.csproj", "{9B59DCC1-AE53-40E5-B929-92BE6D42DA27}"
EndProject
Project("{FAE04EC0-301F-11D3-BF4B-00C04F79EFBC}") = "Übung_Solid4", "Übung_Solid4\Übung_Solid4.csproj", "{FBFECB91-31D0-45BD-AF60-4BC327ACD0DA}"
EndProject
Project("{FAE04EC0-301F-11D3-BF4B-00C04F79EFBC}") = "Übung_Solid3", "Solid_Übung3\Übung_Solid3.csproj", "{5BAD3D63-3BB6-4CA9-8141-773B5569F958}"
EndProject
Project("{FAE04EC0-301F-11D3-BF4B-00C04F79EFBC}") = "Übung_Solid2", "Solid_Übung6\Übung_Solid2.csproj", "{86A4CC33-12F8-4055-9081-EA9701E9DCAA}"
EndProject
Project("{FAE04EC0-301F-11D3-BF4B-00C04F79EFBC}") = "Wiederholung_OOP_Interfaces", "Wiederholung_OOP_Interfaces\Wiederholung_OOP_Interfaces.csproj", "{AB3101CE-C5E4-4395-80EF-A7CF02FEEEF0}"
EndProject
Project("{FAE04EC0-301F-11D3-BF4B-00C04F79EFBC}") = "Wiederholung_OOP_ValueTypesVsReferenceTypes", "Wiederholung_OOP_ValueTypesVsReferenceTypes\Wiederholung_OOP_ValueTypesVsReferenceTypes.csproj", "{3643B7E3-AD06-49CA-BC98-CBA81EAE4F28}"
EndProject
Project("{FAE04EC0-301F-11D3-BF4B-00C04F79EFBC}") = "M16_Serialisierung", "M016_Serialisierung\M16_Serialisierung.csproj", "{26D37948-6D26-4314-96EB-2EACEC79A83F}"
EndProject
Project("{FAE04EC0-301F-11D3-BF4B-00C04F79EFBC}") = "M17_ExceptionHandling", "M17_ExceptionHandling\M17_ExceptionHandling.csproj", "{87948F26-1BF7-4CEF-8E45-36A5BB66359F}"
EndProject
Project("{FAE04EC0-301F-11D3-BF4B-00C04F79EFBC}") = "M17_DynamicObjects", "DynamicObjects\M17_DynamicObjects.csproj", "{B30B8584-B598-467A-B382-7C19E8F7B29B}"
EndProject
Project("{FAE04EC0-301F-11D3-BF4B-00C04F79EFBC}") = "M18_Operatoren", "M18_Operatoren\M18_Operatoren.csproj", "{9BAF9E4B-43DE-4AFD-B717-4308C6AA29A5}"
EndProject
Global
	GlobalSection(SolutionConfigurationPlatforms) = preSolution
		Debug|Any CPU = Debug|Any CPU
		Release|Any CPU = Release|Any CPU
	EndGlobalSection
	GlobalSection(ProjectConfigurationPlatforms) = postSolution
		{DA57F1EC-52E2-4E66-AD6F-5AC38DA45433}.Debug|Any CPU.ActiveCfg = Debug|Any CPU
		{DA57F1EC-52E2-4E66-AD6F-5AC38DA45433}.Debug|Any CPU.Build.0 = Debug|Any CPU
		{DA57F1EC-52E2-4E66-AD6F-5AC38DA45433}.Release|Any CPU.ActiveCfg = Release|Any CPU
		{DA57F1EC-52E2-4E66-AD6F-5AC38DA45433}.Release|Any CPU.Build.0 = Release|Any CPU
		{7915C817-301B-43FA-B80F-F3D306E0E3B7}.Debug|Any CPU.ActiveCfg = Debug|Any CPU
		{7915C817-301B-43FA-B80F-F3D306E0E3B7}.Debug|Any CPU.Build.0 = Debug|Any CPU
		{7915C817-301B-43FA-B80F-F3D306E0E3B7}.Release|Any CPU.ActiveCfg = Release|Any CPU
		{7915C817-301B-43FA-B80F-F3D306E0E3B7}.Release|Any CPU.Build.0 = Release|Any CPU
		{03DE1486-1A75-4D03-9990-6B212BD93FD6}.Debug|Any CPU.ActiveCfg = Debug|Any CPU
		{03DE1486-1A75-4D03-9990-6B212BD93FD6}.Debug|Any CPU.Build.0 = Debug|Any CPU
		{03DE1486-1A75-4D03-9990-6B212BD93FD6}.Release|Any CPU.ActiveCfg = Release|Any CPU
		{03DE1486-1A75-4D03-9990-6B212BD93FD6}.Release|Any CPU.Build.0 = Release|Any CPU
		{A92EAA00-0C7F-4374-A7AA-52848B49E6B3}.Debug|Any CPU.ActiveCfg = Debug|Any CPU
		{A92EAA00-0C7F-4374-A7AA-52848B49E6B3}.Debug|Any CPU.Build.0 = Debug|Any CPU
		{A92EAA00-0C7F-4374-A7AA-52848B49E6B3}.Release|Any CPU.ActiveCfg = Release|Any CPU
		{A92EAA00-0C7F-4374-A7AA-52848B49E6B3}.Release|Any CPU.Build.0 = Release|Any CPU
		{F32D0186-BBDA-4E12-80BD-E7E746DA18F6}.Debug|Any CPU.ActiveCfg = Debug|Any CPU
		{F32D0186-BBDA-4E12-80BD-E7E746DA18F6}.Debug|Any CPU.Build.0 = Debug|Any CPU
		{F32D0186-BBDA-4E12-80BD-E7E746DA18F6}.Release|Any CPU.ActiveCfg = Release|Any CPU
		{F32D0186-BBDA-4E12-80BD-E7E746DA18F6}.Release|Any CPU.Build.0 = Release|Any CPU
		{D4DE3FCC-EC98-42D1-B2D0-8EFB555793E7}.Debug|Any CPU.ActiveCfg = Debug|Any CPU
		{D4DE3FCC-EC98-42D1-B2D0-8EFB555793E7}.Debug|Any CPU.Build.0 = Debug|Any CPU
		{D4DE3FCC-EC98-42D1-B2D0-8EFB555793E7}.Release|Any CPU.ActiveCfg = Release|Any CPU
		{D4DE3FCC-EC98-42D1-B2D0-8EFB555793E7}.Release|Any CPU.Build.0 = Release|Any CPU
		{2D6E85B6-19F9-4B99-9C4D-ACD2D020387A}.Debug|Any CPU.ActiveCfg = Debug|Any CPU
		{2D6E85B6-19F9-4B99-9C4D-ACD2D020387A}.Debug|Any CPU.Build.0 = Debug|Any CPU
		{2D6E85B6-19F9-4B99-9C4D-ACD2D020387A}.Release|Any CPU.ActiveCfg = Release|Any CPU
		{2D6E85B6-19F9-4B99-9C4D-ACD2D020387A}.Release|Any CPU.Build.0 = Release|Any CPU
		{6D3C5F4A-12D1-41F0-9D51-E6F203506893}.Debug|Any CPU.ActiveCfg = Debug|Any CPU
		{6D3C5F4A-12D1-41F0-9D51-E6F203506893}.Debug|Any CPU.Build.0 = Debug|Any CPU
		{6D3C5F4A-12D1-41F0-9D51-E6F203506893}.Release|Any CPU.ActiveCfg = Release|Any CPU
		{6D3C5F4A-12D1-41F0-9D51-E6F203506893}.Release|Any CPU.Build.0 = Release|Any CPU
		{DB6C3AF4-7F3C-4CCE-A2FF-EB4E4A6ADF17}.Debug|Any CPU.ActiveCfg = Debug|Any CPU
		{DB6C3AF4-7F3C-4CCE-A2FF-EB4E4A6ADF17}.Debug|Any CPU.Build.0 = Debug|Any CPU
		{DB6C3AF4-7F3C-4CCE-A2FF-EB4E4A6ADF17}.Release|Any CPU.ActiveCfg = Release|Any CPU
		{DB6C3AF4-7F3C-4CCE-A2FF-EB4E4A6ADF17}.Release|Any CPU.Build.0 = Release|Any CPU
		{54D45A14-78FF-403C-B5AC-F23E4C2EB346}.Debug|Any CPU.ActiveCfg = Debug|Any CPU
		{54D45A14-78FF-403C-B5AC-F23E4C2EB346}.Debug|Any CPU.Build.0 = Debug|Any CPU
		{54D45A14-78FF-403C-B5AC-F23E4C2EB346}.Release|Any CPU.ActiveCfg = Release|Any CPU
		{54D45A14-78FF-403C-B5AC-F23E4C2EB346}.Release|Any CPU.Build.0 = Release|Any CPU
		{4C50CC87-FB99-4BCE-811D-44AE4FF6F6E1}.Debug|Any CPU.ActiveCfg = Debug|Any CPU
		{4C50CC87-FB99-4BCE-811D-44AE4FF6F6E1}.Debug|Any CPU.Build.0 = Debug|Any CPU
		{4C50CC87-FB99-4BCE-811D-44AE4FF6F6E1}.Release|Any CPU.ActiveCfg = Release|Any CPU
		{4C50CC87-FB99-4BCE-811D-44AE4FF6F6E1}.Release|Any CPU.Build.0 = Release|Any CPU
		{7983C97D-EE69-4B25-9439-A647AAC2FFA9}.Debug|Any CPU.ActiveCfg = Debug|Any CPU
		{7983C97D-EE69-4B25-9439-A647AAC2FFA9}.Debug|Any CPU.Build.0 = Debug|Any CPU
		{7983C97D-EE69-4B25-9439-A647AAC2FFA9}.Release|Any CPU.ActiveCfg = Release|Any CPU
		{7983C97D-EE69-4B25-9439-A647AAC2FFA9}.Release|Any CPU.Build.0 = Release|Any CPU
		{15E4D97E-73B0-4161-83CE-A35BCA1CD295}.Debug|Any CPU.ActiveCfg = Debug|Any CPU
		{15E4D97E-73B0-4161-83CE-A35BCA1CD295}.Debug|Any CPU.Build.0 = Debug|Any CPU
		{15E4D97E-73B0-4161-83CE-A35BCA1CD295}.Release|Any CPU.ActiveCfg = Release|Any CPU
		{15E4D97E-73B0-4161-83CE-A35BCA1CD295}.Release|Any CPU.Build.0 = Release|Any CPU
		{C4750CE1-D2A0-40D8-9120-98C26611E2A3}.Debug|Any CPU.ActiveCfg = Debug|Any CPU
		{C4750CE1-D2A0-40D8-9120-98C26611E2A3}.Debug|Any CPU.Build.0 = Debug|Any CPU
		{C4750CE1-D2A0-40D8-9120-98C26611E2A3}.Release|Any CPU.ActiveCfg = Release|Any CPU
		{C4750CE1-D2A0-40D8-9120-98C26611E2A3}.Release|Any CPU.Build.0 = Release|Any CPU
		{0DD84479-2779-4E6B-9E5D-F0CFCE2A25CC}.Debug|Any CPU.ActiveCfg = Debug|Any CPU
		{0DD84479-2779-4E6B-9E5D-F0CFCE2A25CC}.Debug|Any CPU.Build.0 = Debug|Any CPU
		{0DD84479-2779-4E6B-9E5D-F0CFCE2A25CC}.Release|Any CPU.ActiveCfg = Release|Any CPU
		{0DD84479-2779-4E6B-9E5D-F0CFCE2A25CC}.Release|Any CPU.Build.0 = Release|Any CPU
		{89440193-9087-492E-A111-9B936937746D}.Debug|Any CPU.ActiveCfg = Debug|Any CPU
		{89440193-9087-492E-A111-9B936937746D}.Debug|Any CPU.Build.0 = Debug|Any CPU
		{89440193-9087-492E-A111-9B936937746D}.Release|Any CPU.ActiveCfg = Release|Any CPU
		{89440193-9087-492E-A111-9B936937746D}.Release|Any CPU.Build.0 = Release|Any CPU
		{41A683F1-7D18-44B8-9DB6-A2F4172CE424}.Debug|Any CPU.ActiveCfg = Debug|Any CPU
		{41A683F1-7D18-44B8-9DB6-A2F4172CE424}.Debug|Any CPU.Build.0 = Debug|Any CPU
		{41A683F1-7D18-44B8-9DB6-A2F4172CE424}.Release|Any CPU.ActiveCfg = Release|Any CPU
		{41A683F1-7D18-44B8-9DB6-A2F4172CE424}.Release|Any CPU.Build.0 = Release|Any CPU
		{F890D6C2-B6F6-47E6-9DAB-97376696617B}.Debug|Any CPU.ActiveCfg = Debug|Any CPU
		{F890D6C2-B6F6-47E6-9DAB-97376696617B}.Debug|Any CPU.Build.0 = Debug|Any CPU
		{F890D6C2-B6F6-47E6-9DAB-97376696617B}.Release|Any CPU.ActiveCfg = Release|Any CPU
		{F890D6C2-B6F6-47E6-9DAB-97376696617B}.Release|Any CPU.Build.0 = Release|Any CPU
		{5B02A56C-FFAE-4DA5-88C8-EE2786BEFA56}.Debug|Any CPU.ActiveCfg = Debug|Any CPU
		{5B02A56C-FFAE-4DA5-88C8-EE2786BEFA56}.Debug|Any CPU.Build.0 = Debug|Any CPU
		{5B02A56C-FFAE-4DA5-88C8-EE2786BEFA56}.Release|Any CPU.ActiveCfg = Release|Any CPU
		{5B02A56C-FFAE-4DA5-88C8-EE2786BEFA56}.Release|Any CPU.Build.0 = Release|Any CPU
		{0D87F2C7-B2B5-4875-A1CE-FE57E113BF2B}.Debug|Any CPU.ActiveCfg = Debug|Any CPU
		{0D87F2C7-B2B5-4875-A1CE-FE57E113BF2B}.Debug|Any CPU.Build.0 = Debug|Any CPU
		{0D87F2C7-B2B5-4875-A1CE-FE57E113BF2B}.Release|Any CPU.ActiveCfg = Release|Any CPU
		{0D87F2C7-B2B5-4875-A1CE-FE57E113BF2B}.Release|Any CPU.Build.0 = Release|Any CPU
		{0D980F58-4C8C-4DF8-BD5F-F76B4479DE86}.Debug|Any CPU.ActiveCfg = Debug|Any CPU
		{0D980F58-4C8C-4DF8-BD5F-F76B4479DE86}.Debug|Any CPU.Build.0 = Debug|Any CPU
		{0D980F58-4C8C-4DF8-BD5F-F76B4479DE86}.Release|Any CPU.ActiveCfg = Release|Any CPU
		{0D980F58-4C8C-4DF8-BD5F-F76B4479DE86}.Release|Any CPU.Build.0 = Release|Any CPU
		{ABF2BC43-B0F9-4ADD-9FDA-64A2452812E4}.Debug|Any CPU.ActiveCfg = Debug|Any CPU
		{ABF2BC43-B0F9-4ADD-9FDA-64A2452812E4}.Debug|Any CPU.Build.0 = Debug|Any CPU
		{ABF2BC43-B0F9-4ADD-9FDA-64A2452812E4}.Release|Any CPU.ActiveCfg = Release|Any CPU
		{ABF2BC43-B0F9-4ADD-9FDA-64A2452812E4}.Release|Any CPU.Build.0 = Release|Any CPU
		{E22A6A2B-7386-47D1-88E6-854395F2252A}.Debug|Any CPU.ActiveCfg = Debug|Any CPU
		{E22A6A2B-7386-47D1-88E6-854395F2252A}.Debug|Any CPU.Build.0 = Debug|Any CPU
		{E22A6A2B-7386-47D1-88E6-854395F2252A}.Release|Any CPU.ActiveCfg = Release|Any CPU
		{E22A6A2B-7386-47D1-88E6-854395F2252A}.Release|Any CPU.Build.0 = Release|Any CPU
		{A0EA3510-82E5-4887-8BE8-2958950AA158}.Debug|Any CPU.ActiveCfg = Debug|Any CPU
		{A0EA3510-82E5-4887-8BE8-2958950AA158}.Debug|Any CPU.Build.0 = Debug|Any CPU
		{A0EA3510-82E5-4887-8BE8-2958950AA158}.Release|Any CPU.ActiveCfg = Release|Any CPU
		{A0EA3510-82E5-4887-8BE8-2958950AA158}.Release|Any CPU.Build.0 = Release|Any CPU
		{B7CE99E1-9D8F-457A-ACC2-B68F9C09EC13}.Debug|Any CPU.ActiveCfg = Debug|Any CPU
		{B7CE99E1-9D8F-457A-ACC2-B68F9C09EC13}.Debug|Any CPU.Build.0 = Debug|Any CPU
		{B7CE99E1-9D8F-457A-ACC2-B68F9C09EC13}.Release|Any CPU.ActiveCfg = Release|Any CPU
		{B7CE99E1-9D8F-457A-ACC2-B68F9C09EC13}.Release|Any CPU.Build.0 = Release|Any CPU
		{9A9D9697-B0B8-42B9-92A5-49C08B60BCF8}.Debug|Any CPU.ActiveCfg = Debug|Any CPU
		{9A9D9697-B0B8-42B9-92A5-49C08B60BCF8}.Debug|Any CPU.Build.0 = Debug|Any CPU
		{9A9D9697-B0B8-42B9-92A5-49C08B60BCF8}.Release|Any CPU.ActiveCfg = Release|Any CPU
		{9A9D9697-B0B8-42B9-92A5-49C08B60BCF8}.Release|Any CPU.Build.0 = Release|Any CPU
		{79C857C6-1C84-4BB6-81CA-D752C32C46EB}.Debug|Any CPU.ActiveCfg = Debug|Any CPU
		{79C857C6-1C84-4BB6-81CA-D752C32C46EB}.Debug|Any CPU.Build.0 = Debug|Any CPU
		{79C857C6-1C84-4BB6-81CA-D752C32C46EB}.Release|Any CPU.ActiveCfg = Release|Any CPU
		{79C857C6-1C84-4BB6-81CA-D752C32C46EB}.Release|Any CPU.Build.0 = Release|Any CPU
		{8D1A05C9-BF2D-4408-8DF4-E5B474AFC09A}.Debug|Any CPU.ActiveCfg = Debug|Any CPU
		{8D1A05C9-BF2D-4408-8DF4-E5B474AFC09A}.Debug|Any CPU.Build.0 = Debug|Any CPU
		{8D1A05C9-BF2D-4408-8DF4-E5B474AFC09A}.Release|Any CPU.ActiveCfg = Release|Any CPU
		{8D1A05C9-BF2D-4408-8DF4-E5B474AFC09A}.Release|Any CPU.Build.0 = Release|Any CPU
		{B81853F5-D3CD-4374-AFE6-97F02B53AD6B}.Debug|Any CPU.ActiveCfg = Debug|Any CPU
		{B81853F5-D3CD-4374-AFE6-97F02B53AD6B}.Debug|Any CPU.Build.0 = Debug|Any CPU
		{B81853F5-D3CD-4374-AFE6-97F02B53AD6B}.Release|Any CPU.ActiveCfg = Release|Any CPU
		{B81853F5-D3CD-4374-AFE6-97F02B53AD6B}.Release|Any CPU.Build.0 = Release|Any CPU
		{C885B5C9-8E39-475B-AA83-26F3F47313F5}.Debug|Any CPU.ActiveCfg = Debug|Any CPU
		{C885B5C9-8E39-475B-AA83-26F3F47313F5}.Debug|Any CPU.Build.0 = Debug|Any CPU
		{C885B5C9-8E39-475B-AA83-26F3F47313F5}.Release|Any CPU.ActiveCfg = Release|Any CPU
		{C885B5C9-8E39-475B-AA83-26F3F47313F5}.Release|Any CPU.Build.0 = Release|Any CPU
		{F874DB98-AA3C-48BF-8B34-377DD7335DA0}.Debug|Any CPU.ActiveCfg = Debug|Any CPU
		{F874DB98-AA3C-48BF-8B34-377DD7335DA0}.Debug|Any CPU.Build.0 = Debug|Any CPU
		{F874DB98-AA3C-48BF-8B34-377DD7335DA0}.Release|Any CPU.ActiveCfg = Release|Any CPU
		{F874DB98-AA3C-48BF-8B34-377DD7335DA0}.Release|Any CPU.Build.0 = Release|Any CPU
		{E533D5E3-5B96-4192-A5B3-CB200F7984E3}.Debug|Any CPU.ActiveCfg = Debug|Any CPU
		{E533D5E3-5B96-4192-A5B3-CB200F7984E3}.Debug|Any CPU.Build.0 = Debug|Any CPU
		{E533D5E3-5B96-4192-A5B3-CB200F7984E3}.Release|Any CPU.ActiveCfg = Release|Any CPU
		{E533D5E3-5B96-4192-A5B3-CB200F7984E3}.Release|Any CPU.Build.0 = Release|Any CPU
		{5CE689EE-32AD-4B41-8F65-FAE5AAE73F95}.Debug|Any CPU.ActiveCfg = Debug|Any CPU
		{5CE689EE-32AD-4B41-8F65-FAE5AAE73F95}.Debug|Any CPU.Build.0 = Debug|Any CPU
		{5CE689EE-32AD-4B41-8F65-FAE5AAE73F95}.Release|Any CPU.ActiveCfg = Release|Any CPU
		{5CE689EE-32AD-4B41-8F65-FAE5AAE73F95}.Release|Any CPU.Build.0 = Release|Any CPU
		{8FBFAD41-6A67-4AD4-8F65-C702F2AB3E54}.Debug|Any CPU.ActiveCfg = Debug|Any CPU
		{8FBFAD41-6A67-4AD4-8F65-C702F2AB3E54}.Debug|Any CPU.Build.0 = Debug|Any CPU
		{8FBFAD41-6A67-4AD4-8F65-C702F2AB3E54}.Release|Any CPU.ActiveCfg = Release|Any CPU
		{8FBFAD41-6A67-4AD4-8F65-C702F2AB3E54}.Release|Any CPU.Build.0 = Release|Any CPU
		{653257B3-09EC-42EB-8510-6D88AF6CFB49}.Debug|Any CPU.ActiveCfg = Debug|Any CPU
		{653257B3-09EC-42EB-8510-6D88AF6CFB49}.Debug|Any CPU.Build.0 = Debug|Any CPU
		{653257B3-09EC-42EB-8510-6D88AF6CFB49}.Release|Any CPU.ActiveCfg = Release|Any CPU
		{653257B3-09EC-42EB-8510-6D88AF6CFB49}.Release|Any CPU.Build.0 = Release|Any CPU
		{F0B113F6-5E37-4023-BC6C-CB682B925EB2}.Debug|Any CPU.ActiveCfg = Debug|Any CPU
		{F0B113F6-5E37-4023-BC6C-CB682B925EB2}.Debug|Any CPU.Build.0 = Debug|Any CPU
		{F0B113F6-5E37-4023-BC6C-CB682B925EB2}.Release|Any CPU.ActiveCfg = Release|Any CPU
		{F0B113F6-5E37-4023-BC6C-CB682B925EB2}.Release|Any CPU.Build.0 = Release|Any CPU
		{466DC550-B2CD-4CAD-9F8B-9F485907C770}.Debug|Any CPU.ActiveCfg = Debug|Any CPU
		{466DC550-B2CD-4CAD-9F8B-9F485907C770}.Debug|Any CPU.Build.0 = Debug|Any CPU
		{466DC550-B2CD-4CAD-9F8B-9F485907C770}.Release|Any CPU.ActiveCfg = Release|Any CPU
		{466DC550-B2CD-4CAD-9F8B-9F485907C770}.Release|Any CPU.Build.0 = Release|Any CPU
		{38963251-634F-4FEB-99C6-E4B1674F7ABE}.Debug|Any CPU.ActiveCfg = Debug|Any CPU
		{38963251-634F-4FEB-99C6-E4B1674F7ABE}.Debug|Any CPU.Build.0 = Debug|Any CPU
		{38963251-634F-4FEB-99C6-E4B1674F7ABE}.Release|Any CPU.ActiveCfg = Release|Any CPU
		{38963251-634F-4FEB-99C6-E4B1674F7ABE}.Release|Any CPU.Build.0 = Release|Any CPU
		{AD6AE5DF-C828-496D-B4DF-A63EC8E353A2}.Debug|Any CPU.ActiveCfg = Debug|Any CPU
		{AD6AE5DF-C828-496D-B4DF-A63EC8E353A2}.Debug|Any CPU.Build.0 = Debug|Any CPU
		{AD6AE5DF-C828-496D-B4DF-A63EC8E353A2}.Release|Any CPU.ActiveCfg = Release|Any CPU
		{AD6AE5DF-C828-496D-B4DF-A63EC8E353A2}.Release|Any CPU.Build.0 = Release|Any CPU
		{40AB7E8E-9552-471E-896F-A63887CD5F3A}.Debug|Any CPU.ActiveCfg = Debug|Any CPU
		{40AB7E8E-9552-471E-896F-A63887CD5F3A}.Debug|Any CPU.Build.0 = Debug|Any CPU
		{40AB7E8E-9552-471E-896F-A63887CD5F3A}.Release|Any CPU.ActiveCfg = Release|Any CPU
		{40AB7E8E-9552-471E-896F-A63887CD5F3A}.Release|Any CPU.Build.0 = Release|Any CPU
		{2F79F9DA-2C62-4B46-84A1-3B05A162B8A5}.Debug|Any CPU.ActiveCfg = Debug|Any CPU
		{2F79F9DA-2C62-4B46-84A1-3B05A162B8A5}.Debug|Any CPU.Build.0 = Debug|Any CPU
		{2F79F9DA-2C62-4B46-84A1-3B05A162B8A5}.Release|Any CPU.ActiveCfg = Release|Any CPU
		{2F79F9DA-2C62-4B46-84A1-3B05A162B8A5}.Release|Any CPU.Build.0 = Release|Any CPU
		{4A39066A-3F32-4905-B3B9-AC8280969D33}.Debug|Any CPU.ActiveCfg = Debug|Any CPU
		{4A39066A-3F32-4905-B3B9-AC8280969D33}.Debug|Any CPU.Build.0 = Debug|Any CPU
		{4A39066A-3F32-4905-B3B9-AC8280969D33}.Release|Any CPU.ActiveCfg = Release|Any CPU
		{4A39066A-3F32-4905-B3B9-AC8280969D33}.Release|Any CPU.Build.0 = Release|Any CPU
		{F859DA5A-6EA4-4AD6-8C86-D4B75F67587E}.Debug|Any CPU.ActiveCfg = Debug|Any CPU
		{F859DA5A-6EA4-4AD6-8C86-D4B75F67587E}.Debug|Any CPU.Build.0 = Debug|Any CPU
		{F859DA5A-6EA4-4AD6-8C86-D4B75F67587E}.Release|Any CPU.ActiveCfg = Release|Any CPU
		{F859DA5A-6EA4-4AD6-8C86-D4B75F67587E}.Release|Any CPU.Build.0 = Release|Any CPU
		{BA7A547E-99F5-4DEF-BF08-94EBC9618B39}.Debug|Any CPU.ActiveCfg = Debug|Any CPU
		{BA7A547E-99F5-4DEF-BF08-94EBC9618B39}.Debug|Any CPU.Build.0 = Debug|Any CPU
		{BA7A547E-99F5-4DEF-BF08-94EBC9618B39}.Release|Any CPU.ActiveCfg = Release|Any CPU
		{BA7A547E-99F5-4DEF-BF08-94EBC9618B39}.Release|Any CPU.Build.0 = Release|Any CPU
		{12926A15-D45B-4F19-98DA-B98AA6DBE3D3}.Debug|Any CPU.ActiveCfg = Debug|Any CPU
		{12926A15-D45B-4F19-98DA-B98AA6DBE3D3}.Debug|Any CPU.Build.0 = Debug|Any CPU
		{12926A15-D45B-4F19-98DA-B98AA6DBE3D3}.Release|Any CPU.ActiveCfg = Release|Any CPU
		{12926A15-D45B-4F19-98DA-B98AA6DBE3D3}.Release|Any CPU.Build.0 = Release|Any CPU
		{0BBD2304-543F-46DF-B892-07D64C9ACD12}.Debug|Any CPU.ActiveCfg = Debug|Any CPU
		{0BBD2304-543F-46DF-B892-07D64C9ACD12}.Debug|Any CPU.Build.0 = Debug|Any CPU
		{0BBD2304-543F-46DF-B892-07D64C9ACD12}.Release|Any CPU.ActiveCfg = Release|Any CPU
		{0BBD2304-543F-46DF-B892-07D64C9ACD12}.Release|Any CPU.Build.0 = Release|Any CPU
		{F560704A-EE48-4C85-A473-AF2B4D31B89E}.Debug|Any CPU.ActiveCfg = Debug|Any CPU
		{F560704A-EE48-4C85-A473-AF2B4D31B89E}.Debug|Any CPU.Build.0 = Debug|Any CPU
		{F560704A-EE48-4C85-A473-AF2B4D31B89E}.Release|Any CPU.ActiveCfg = Release|Any CPU
		{F560704A-EE48-4C85-A473-AF2B4D31B89E}.Release|Any CPU.Build.0 = Release|Any CPU
		{F53D5765-A168-4DA0-84E5-B821EC386438}.Debug|Any CPU.ActiveCfg = Debug|Any CPU
		{F53D5765-A168-4DA0-84E5-B821EC386438}.Debug|Any CPU.Build.0 = Debug|Any CPU
		{F53D5765-A168-4DA0-84E5-B821EC386438}.Release|Any CPU.ActiveCfg = Release|Any CPU
		{F53D5765-A168-4DA0-84E5-B821EC386438}.Release|Any CPU.Build.0 = Release|Any CPU
		{3D9B6CDC-B938-4E23-A9EC-E0694949B02A}.Debug|Any CPU.ActiveCfg = Debug|Any CPU
		{3D9B6CDC-B938-4E23-A9EC-E0694949B02A}.Debug|Any CPU.Build.0 = Debug|Any CPU
		{3D9B6CDC-B938-4E23-A9EC-E0694949B02A}.Release|Any CPU.ActiveCfg = Release|Any CPU
		{3D9B6CDC-B938-4E23-A9EC-E0694949B02A}.Release|Any CPU.Build.0 = Release|Any CPU
		{9621B060-C60E-4F6D-97B5-35F87FDE5422}.Debug|Any CPU.ActiveCfg = Debug|Any CPU
		{9621B060-C60E-4F6D-97B5-35F87FDE5422}.Debug|Any CPU.Build.0 = Debug|Any CPU
		{9621B060-C60E-4F6D-97B5-35F87FDE5422}.Release|Any CPU.ActiveCfg = Release|Any CPU
		{9621B060-C60E-4F6D-97B5-35F87FDE5422}.Release|Any CPU.Build.0 = Release|Any CPU
		{EDF0063A-B12D-4074-96BC-25C4A7BEC995}.Debug|Any CPU.ActiveCfg = Debug|Any CPU
		{EDF0063A-B12D-4074-96BC-25C4A7BEC995}.Debug|Any CPU.Build.0 = Debug|Any CPU
		{EDF0063A-B12D-4074-96BC-25C4A7BEC995}.Release|Any CPU.ActiveCfg = Release|Any CPU
		{EDF0063A-B12D-4074-96BC-25C4A7BEC995}.Release|Any CPU.Build.0 = Release|Any CPU
		{8B27C34B-64A7-43EF-8127-6B96CA11F4AE}.Debug|Any CPU.ActiveCfg = Debug|Any CPU
		{8B27C34B-64A7-43EF-8127-6B96CA11F4AE}.Debug|Any CPU.Build.0 = Debug|Any CPU
		{8B27C34B-64A7-43EF-8127-6B96CA11F4AE}.Release|Any CPU.ActiveCfg = Release|Any CPU
		{8B27C34B-64A7-43EF-8127-6B96CA11F4AE}.Release|Any CPU.Build.0 = Release|Any CPU
		{8A8BA4AE-6E60-4499-B33A-F3E788186DDB}.Debug|Any CPU.ActiveCfg = Debug|Any CPU
		{8A8BA4AE-6E60-4499-B33A-F3E788186DDB}.Debug|Any CPU.Build.0 = Debug|Any CPU
		{8A8BA4AE-6E60-4499-B33A-F3E788186DDB}.Release|Any CPU.ActiveCfg = Release|Any CPU
		{8A8BA4AE-6E60-4499-B33A-F3E788186DDB}.Release|Any CPU.Build.0 = Release|Any CPU
		{E715E695-A3DA-458D-9641-5E448FC062ED}.Debug|Any CPU.ActiveCfg = Debug|Any CPU
		{E715E695-A3DA-458D-9641-5E448FC062ED}.Debug|Any CPU.Build.0 = Debug|Any CPU
		{E715E695-A3DA-458D-9641-5E448FC062ED}.Release|Any CPU.ActiveCfg = Release|Any CPU
		{E715E695-A3DA-458D-9641-5E448FC062ED}.Release|Any CPU.Build.0 = Release|Any CPU
		{069220C1-2BD4-419F-81D4-137CC426ADE9}.Debug|Any CPU.ActiveCfg = Debug|Any CPU
		{069220C1-2BD4-419F-81D4-137CC426ADE9}.Debug|Any CPU.Build.0 = Debug|Any CPU
		{069220C1-2BD4-419F-81D4-137CC426ADE9}.Release|Any CPU.ActiveCfg = Release|Any CPU
		{069220C1-2BD4-419F-81D4-137CC426ADE9}.Release|Any CPU.Build.0 = Release|Any CPU
		{F886A0C5-C015-47C2-94F9-F95DDF589CE0}.Debug|Any CPU.ActiveCfg = Debug|Any CPU
		{F886A0C5-C015-47C2-94F9-F95DDF589CE0}.Debug|Any CPU.Build.0 = Debug|Any CPU
		{F886A0C5-C015-47C2-94F9-F95DDF589CE0}.Release|Any CPU.ActiveCfg = Release|Any CPU
		{F886A0C5-C015-47C2-94F9-F95DDF589CE0}.Release|Any CPU.Build.0 = Release|Any CPU
		{1A388D59-1D9A-4C35-8CBD-DB656CB1C1A0}.Debug|Any CPU.ActiveCfg = Debug|Any CPU
		{1A388D59-1D9A-4C35-8CBD-DB656CB1C1A0}.Debug|Any CPU.Build.0 = Debug|Any CPU
		{1A388D59-1D9A-4C35-8CBD-DB656CB1C1A0}.Release|Any CPU.ActiveCfg = Release|Any CPU
		{1A388D59-1D9A-4C35-8CBD-DB656CB1C1A0}.Release|Any CPU.Build.0 = Release|Any CPU
		{4950F79F-394E-4F63-9AE7-AB1268CFCECB}.Debug|Any CPU.ActiveCfg = Debug|Any CPU
		{4950F79F-394E-4F63-9AE7-AB1268CFCECB}.Debug|Any CPU.Build.0 = Debug|Any CPU
		{4950F79F-394E-4F63-9AE7-AB1268CFCECB}.Release|Any CPU.ActiveCfg = Release|Any CPU
		{4950F79F-394E-4F63-9AE7-AB1268CFCECB}.Release|Any CPU.Build.0 = Release|Any CPU
		{79F4AC68-EB44-4F01-A925-8CE26398BE1F}.Debug|Any CPU.ActiveCfg = Debug|Any CPU
		{79F4AC68-EB44-4F01-A925-8CE26398BE1F}.Debug|Any CPU.Build.0 = Debug|Any CPU
		{79F4AC68-EB44-4F01-A925-8CE26398BE1F}.Release|Any CPU.ActiveCfg = Release|Any CPU
		{79F4AC68-EB44-4F01-A925-8CE26398BE1F}.Release|Any CPU.Build.0 = Release|Any CPU
		{8BFCB98B-CFDC-479C-A94E-446B35A0DBA8}.Debug|Any CPU.ActiveCfg = Debug|Any CPU
		{8BFCB98B-CFDC-479C-A94E-446B35A0DBA8}.Debug|Any CPU.Build.0 = Debug|Any CPU
		{8BFCB98B-CFDC-479C-A94E-446B35A0DBA8}.Release|Any CPU.ActiveCfg = Release|Any CPU
		{8BFCB98B-CFDC-479C-A94E-446B35A0DBA8}.Release|Any CPU.Build.0 = Release|Any CPU
		{A6A030FC-6847-491B-9101-BD136D203FBF}.Debug|Any CPU.ActiveCfg = Debug|Any CPU
		{A6A030FC-6847-491B-9101-BD136D203FBF}.Debug|Any CPU.Build.0 = Debug|Any CPU
		{A6A030FC-6847-491B-9101-BD136D203FBF}.Release|Any CPU.ActiveCfg = Release|Any CPU
		{A6A030FC-6847-491B-9101-BD136D203FBF}.Release|Any CPU.Build.0 = Release|Any CPU
		{8518674C-843F-4BCF-BAD3-3EAEB28E48EF}.Debug|Any CPU.ActiveCfg = Debug|Any CPU
		{8518674C-843F-4BCF-BAD3-3EAEB28E48EF}.Debug|Any CPU.Build.0 = Debug|Any CPU
		{8518674C-843F-4BCF-BAD3-3EAEB28E48EF}.Release|Any CPU.ActiveCfg = Release|Any CPU
		{8518674C-843F-4BCF-BAD3-3EAEB28E48EF}.Release|Any CPU.Build.0 = Release|Any CPU
		{4C335C20-0F6B-414C-9BF8-7FCE11F0B3B5}.Debug|Any CPU.ActiveCfg = Debug|Any CPU
		{4C335C20-0F6B-414C-9BF8-7FCE11F0B3B5}.Debug|Any CPU.Build.0 = Debug|Any CPU
		{4C335C20-0F6B-414C-9BF8-7FCE11F0B3B5}.Release|Any CPU.ActiveCfg = Release|Any CPU
		{4C335C20-0F6B-414C-9BF8-7FCE11F0B3B5}.Release|Any CPU.Build.0 = Release|Any CPU
		{88B55165-BF1F-49EC-B418-564D44AB43AE}.Debug|Any CPU.ActiveCfg = Debug|Any CPU
		{88B55165-BF1F-49EC-B418-564D44AB43AE}.Debug|Any CPU.Build.0 = Debug|Any CPU
		{88B55165-BF1F-49EC-B418-564D44AB43AE}.Release|Any CPU.ActiveCfg = Release|Any CPU
		{88B55165-BF1F-49EC-B418-564D44AB43AE}.Release|Any CPU.Build.0 = Release|Any CPU
		{9B59DCC1-AE53-40E5-B929-92BE6D42DA27}.Debug|Any CPU.ActiveCfg = Debug|Any CPU
		{9B59DCC1-AE53-40E5-B929-92BE6D42DA27}.Debug|Any CPU.Build.0 = Debug|Any CPU
		{9B59DCC1-AE53-40E5-B929-92BE6D42DA27}.Release|Any CPU.ActiveCfg = Release|Any CPU
		{9B59DCC1-AE53-40E5-B929-92BE6D42DA27}.Release|Any CPU.Build.0 = Release|Any CPU
		{FBFECB91-31D0-45BD-AF60-4BC327ACD0DA}.Debug|Any CPU.ActiveCfg = Debug|Any CPU
		{FBFECB91-31D0-45BD-AF60-4BC327ACD0DA}.Debug|Any CPU.Build.0 = Debug|Any CPU
		{FBFECB91-31D0-45BD-AF60-4BC327ACD0DA}.Release|Any CPU.ActiveCfg = Release|Any CPU
		{FBFECB91-31D0-45BD-AF60-4BC327ACD0DA}.Release|Any CPU.Build.0 = Release|Any CPU
		{5BAD3D63-3BB6-4CA9-8141-773B5569F958}.Debug|Any CPU.ActiveCfg = Debug|Any CPU
		{5BAD3D63-3BB6-4CA9-8141-773B5569F958}.Debug|Any CPU.Build.0 = Debug|Any CPU
		{5BAD3D63-3BB6-4CA9-8141-773B5569F958}.Release|Any CPU.ActiveCfg = Release|Any CPU
		{5BAD3D63-3BB6-4CA9-8141-773B5569F958}.Release|Any CPU.Build.0 = Release|Any CPU
		{86A4CC33-12F8-4055-9081-EA9701E9DCAA}.Debug|Any CPU.ActiveCfg = Debug|Any CPU
		{86A4CC33-12F8-4055-9081-EA9701E9DCAA}.Debug|Any CPU.Build.0 = Debug|Any CPU
		{86A4CC33-12F8-4055-9081-EA9701E9DCAA}.Release|Any CPU.ActiveCfg = Release|Any CPU
		{86A4CC33-12F8-4055-9081-EA9701E9DCAA}.Release|Any CPU.Build.0 = Release|Any CPU
		{AB3101CE-C5E4-4395-80EF-A7CF02FEEEF0}.Debug|Any CPU.ActiveCfg = Debug|Any CPU
		{AB3101CE-C5E4-4395-80EF-A7CF02FEEEF0}.Debug|Any CPU.Build.0 = Debug|Any CPU
		{AB3101CE-C5E4-4395-80EF-A7CF02FEEEF0}.Release|Any CPU.ActiveCfg = Release|Any CPU
		{AB3101CE-C5E4-4395-80EF-A7CF02FEEEF0}.Release|Any CPU.Build.0 = Release|Any CPU
		{3643B7E3-AD06-49CA-BC98-CBA81EAE4F28}.Debug|Any CPU.ActiveCfg = Debug|Any CPU
		{3643B7E3-AD06-49CA-BC98-CBA81EAE4F28}.Debug|Any CPU.Build.0 = Debug|Any CPU
		{3643B7E3-AD06-49CA-BC98-CBA81EAE4F28}.Release|Any CPU.ActiveCfg = Release|Any CPU
		{3643B7E3-AD06-49CA-BC98-CBA81EAE4F28}.Release|Any CPU.Build.0 = Release|Any CPU
		{26D37948-6D26-4314-96EB-2EACEC79A83F}.Debug|Any CPU.ActiveCfg = Debug|Any CPU
		{26D37948-6D26-4314-96EB-2EACEC79A83F}.Debug|Any CPU.Build.0 = Debug|Any CPU
		{26D37948-6D26-4314-96EB-2EACEC79A83F}.Release|Any CPU.ActiveCfg = Release|Any CPU
		{26D37948-6D26-4314-96EB-2EACEC79A83F}.Release|Any CPU.Build.0 = Release|Any CPU
		{87948F26-1BF7-4CEF-8E45-36A5BB66359F}.Debug|Any CPU.ActiveCfg = Debug|Any CPU
		{87948F26-1BF7-4CEF-8E45-36A5BB66359F}.Debug|Any CPU.Build.0 = Debug|Any CPU
		{87948F26-1BF7-4CEF-8E45-36A5BB66359F}.Release|Any CPU.ActiveCfg = Release|Any CPU
		{87948F26-1BF7-4CEF-8E45-36A5BB66359F}.Release|Any CPU.Build.0 = Release|Any CPU
		{B30B8584-B598-467A-B382-7C19E8F7B29B}.Debug|Any CPU.ActiveCfg = Debug|Any CPU
		{B30B8584-B598-467A-B382-7C19E8F7B29B}.Debug|Any CPU.Build.0 = Debug|Any CPU
		{B30B8584-B598-467A-B382-7C19E8F7B29B}.Release|Any CPU.ActiveCfg = Release|Any CPU
		{B30B8584-B598-467A-B382-7C19E8F7B29B}.Release|Any CPU.Build.0 = Release|Any CPU
		{9BAF9E4B-43DE-4AFD-B717-4308C6AA29A5}.Debug|Any CPU.ActiveCfg = Debug|Any CPU
		{9BAF9E4B-43DE-4AFD-B717-4308C6AA29A5}.Debug|Any CPU.Build.0 = Debug|Any CPU
		{9BAF9E4B-43DE-4AFD-B717-4308C6AA29A5}.Release|Any CPU.ActiveCfg = Release|Any CPU
		{9BAF9E4B-43DE-4AFD-B717-4308C6AA29A5}.Release|Any CPU.Build.0 = Release|Any CPU
	EndGlobalSection
	GlobalSection(SolutionProperties) = preSolution
		HideSolutionNode = FALSE
	EndGlobalSection
	GlobalSection(NestedProjects) = preSolution
		{DB6C3AF4-7F3C-4CCE-A2FF-EB4E4A6ADF17} = {3152B052-AB56-4EB8-9716-10328D11160D}
		{41A683F1-7D18-44B8-9DB6-A2F4172CE424} = {3152B052-AB56-4EB8-9716-10328D11160D}
		{A6A030FC-6847-491B-9101-BD136D203FBF} = {3152B052-AB56-4EB8-9716-10328D11160D}
		{8518674C-843F-4BCF-BAD3-3EAEB28E48EF} = {3152B052-AB56-4EB8-9716-10328D11160D}
	EndGlobalSection
	GlobalSection(ExtensibilityGlobals) = postSolution
		SolutionGuid = {8678DE98-9ECE-4BB9-B103-FC6C2DB6EE29}
	EndGlobalSection
EndGlobal
